
Microsoft Visual Studio Solution File, Format Version 12.00
# Visual Studio Version 17
VisualStudioVersion = 17.5.33414.496
MinimumVisualStudioVersion = 10.0.40219.1
Project("{FAE04EC0-301F-11D3-BF4B-00C04F79EFBC}") = "J4JLoggerEnhancements", "J4JLoggerEnhancements\J4JLoggerEnhancements.csproj", "{E6A2D6B7-5D6F-49DC-AD44-84C1FC1EA530}"
EndProject
Global
	GlobalSection(SolutionConfigurationPlatforms) = preSolution
		Debug|Any CPU = Debug|Any CPU
		Release|Any CPU = Release|Any CPU
	EndGlobalSection
	GlobalSection(ProjectConfigurationPlatforms) = postSolution
		{E6A2D6B7-5D6F-49DC-AD44-84C1FC1EA530}.Debug|Any CPU.ActiveCfg = Debug|Any CPU
		{E6A2D6B7-5D6F-49DC-AD44-84C1FC1EA530}.Debug|Any CPU.Build.0 = Debug|Any CPU
		{E6A2D6B7-5D6F-49DC-AD44-84C1FC1EA530}.Release|Any CPU.ActiveCfg = Release|Any CPU
		{E6A2D6B7-5D6F-49DC-AD44-84C1FC1EA530}.Release|Any CPU.Build.0 = Release|Any CPU
	EndGlobalSection
	GlobalSection(SolutionProperties) = preSolution
		HideSolutionNode = FALSE
	EndGlobalSection
	GlobalSection(ExtensibilityGlobals) = postSolution
		SolutionGuid = {D26290F8-31A0-4F91-9B4F-AC6A30A512A5}
	EndGlobalSection
EndGlobal
