
Microsoft Visual Studio Solution File, Format Version 12.00
# Visual Studio Version 17
VisualStudioVersion = 17.5.33414.496
MinimumVisualStudioVersion = 10.0.40219.1
Project("{2150E333-8FDC-42A3-9474-1A3956D46DE8}") = "solution docs", "solution docs", "{F8CC4A81-C30D-4B67-814C-1329AFA0FBD6}"
	ProjectSection(SolutionItems) = preProject
		LICENSE.md = LICENSE.md
		README.md = README.md
	EndProjectSection
EndProject
Project("{2150E333-8FDC-42A3-9474-1A3956D46DE8}") = "tests", "tests", "{5A8F28B1-D771-459A-8881-6AC27F9C7E9E}"
EndProject
Project("{9A19103F-16F7-4668-BE54-9A1E7A4F7556}") = "J4JLoggerCommon", "J4JLoggerCommon\J4JLoggerCommon.csproj", "{4AD85971-E9FE-4846-9B08-7FF424012F90}"
EndProject
Project("{9A19103F-16F7-4668-BE54-9A1E7A4F7556}") = "J4JLoggerSerilog", "J4JLoggerSerilog\J4JLoggerSerilog.csproj", "{92057EEC-8B81-441B-91AB-DEFE66299E4E}"
EndProject
Project("{9A19103F-16F7-4668-BE54-9A1E7A4F7556}") = "J4JLoggerTwilio", "J4JLoggerTwilio\J4JLoggerTwilio.csproj", "{70A536B6-D4A9-4273-9500-185189C30E06}"
EndProject
Project("{9A19103F-16F7-4668-BE54-9A1E7A4F7556}") = "J4JLoggerMicrosoft", "J4JLoggerMicrosoft\J4JLoggerMicrosoft.csproj", "{2AD144C8-D9FE-45B6-AF8B-D3F7BF68335B}"
EndProject
Project("{9A19103F-16F7-4668-BE54-9A1E7A4F7556}") = "SerilogTests", "SerilogTests\SerilogTests.csproj", "{E6727434-D11C-4CF7-AFEC-9D05BAE31A12}"
EndProject
Project("{9A19103F-16F7-4668-BE54-9A1E7A4F7556}") = "MicrosoftTests", "MicrosoftTests\MicrosoftTests.csproj", "{6C45C6E2-379B-4974-A527-63DFDAC18C57}"
EndProject
Project("{FAE04EC0-301F-11D3-BF4B-00C04F79EFBC}") = "LoggerConversions", "LoggerConversions\LoggerConversions.csproj", "{CE6845AF-EA3E-447C-9C5C-199A7C9BB908}"
EndProject
Global
	GlobalSection(SolutionConfigurationPlatforms) = preSolution
		Debug|Any CPU = Debug|Any CPU
		Release|Any CPU = Release|Any CPU
	EndGlobalSection
	GlobalSection(ProjectConfigurationPlatforms) = postSolution
		{4AD85971-E9FE-4846-9B08-7FF424012F90}.Debug|Any CPU.ActiveCfg = Debug|Any CPU
		{4AD85971-E9FE-4846-9B08-7FF424012F90}.Debug|Any CPU.Build.0 = Debug|Any CPU
		{4AD85971-E9FE-4846-9B08-7FF424012F90}.Release|Any CPU.ActiveCfg = Release|Any CPU
		{4AD85971-E9FE-4846-9B08-7FF424012F90}.Release|Any CPU.Build.0 = Release|Any CPU
		{92057EEC-8B81-441B-91AB-DEFE66299E4E}.Debug|Any CPU.ActiveCfg = Debug|Any CPU
		{92057EEC-8B81-441B-91AB-DEFE66299E4E}.Debug|Any CPU.Build.0 = Debug|Any CPU
		{92057EEC-8B81-441B-91AB-DEFE66299E4E}.Release|Any CPU.ActiveCfg = Release|Any CPU
		{92057EEC-8B81-441B-91AB-DEFE66299E4E}.Release|Any CPU.Build.0 = Release|Any CPU
		{70A536B6-D4A9-4273-9500-185189C30E06}.Debug|Any CPU.ActiveCfg = Debug|Any CPU
		{70A536B6-D4A9-4273-9500-185189C30E06}.Debug|Any CPU.Build.0 = Debug|Any CPU
		{70A536B6-D4A9-4273-9500-185189C30E06}.Release|Any CPU.ActiveCfg = Release|Any CPU
		{70A536B6-D4A9-4273-9500-185189C30E06}.Release|Any CPU.Build.0 = Release|Any CPU
		{2AD144C8-D9FE-45B6-AF8B-D3F7BF68335B}.Debug|Any CPU.ActiveCfg = Debug|Any CPU
		{2AD144C8-D9FE-45B6-AF8B-D3F7BF68335B}.Debug|Any CPU.Build.0 = Debug|Any CPU
		{2AD144C8-D9FE-45B6-AF8B-D3F7BF68335B}.Release|Any CPU.ActiveCfg = Release|Any CPU
		{2AD144C8-D9FE-45B6-AF8B-D3F7BF68335B}.Release|Any CPU.Build.0 = Release|Any CPU
		{E6727434-D11C-4CF7-AFEC-9D05BAE31A12}.Debug|Any CPU.ActiveCfg = Debug|Any CPU
		{E6727434-D11C-4CF7-AFEC-9D05BAE31A12}.Debug|Any CPU.Build.0 = Debug|Any CPU
		{E6727434-D11C-4CF7-AFEC-9D05BAE31A12}.Release|Any CPU.ActiveCfg = Release|Any CPU
		{E6727434-D11C-4CF7-AFEC-9D05BAE31A12}.Release|Any CPU.Build.0 = Release|Any CPU
		{6C45C6E2-379B-4974-A527-63DFDAC18C57}.Debug|Any CPU.ActiveCfg = Debug|Any CPU
		{6C45C6E2-379B-4974-A527-63DFDAC18C57}.Debug|Any CPU.Build.0 = Debug|Any CPU
		{6C45C6E2-379B-4974-A527-63DFDAC18C57}.Release|Any CPU.ActiveCfg = Release|Any CPU
		{6C45C6E2-379B-4974-A527-63DFDAC18C57}.Release|Any CPU.Build.0 = Release|Any CPU
		{CE6845AF-EA3E-447C-9C5C-199A7C9BB908}.Debug|Any CPU.ActiveCfg = Debug|Any CPU
		{CE6845AF-EA3E-447C-9C5C-199A7C9BB908}.Debug|Any CPU.Build.0 = Debug|Any CPU
		{CE6845AF-EA3E-447C-9C5C-199A7C9BB908}.Release|Any CPU.ActiveCfg = Release|Any CPU
		{CE6845AF-EA3E-447C-9C5C-199A7C9BB908}.Release|Any CPU.Build.0 = Release|Any CPU
	EndGlobalSection
	GlobalSection(SolutionProperties) = preSolution
		HideSolutionNode = FALSE
	EndGlobalSection
	GlobalSection(NestedProjects) = preSolution
		{E6727434-D11C-4CF7-AFEC-9D05BAE31A12} = {5A8F28B1-D771-459A-8881-6AC27F9C7E9E}
		{6C45C6E2-379B-4974-A527-63DFDAC18C57} = {5A8F28B1-D771-459A-8881-6AC27F9C7E9E}
	EndGlobalSection
	GlobalSection(ExtensibilityGlobals) = postSolution
		SolutionGuid = {D26290F8-31A0-4F91-9B4F-AC6A30A512A5}
	EndGlobalSection
EndGlobal
